
Microsoft Visual Studio Solution File, Format Version 12.00
# Visual Studio 14
VisualStudioVersion = 14.0.25420.1
MinimumVisualStudioVersion = 10.0.40219.1
Project("{8BC9CEB8-8B4A-11D0-8D11-00A0C91BC942}") = "458", "458\458.vcxproj", "{5354A699-DD3D-4627-9A5F-8DD507C1C080}"
EndProject
Project("{8BC9CEB8-8B4A-11D0-8D11-00A0C91BC942}") = "115", "115\115.vcxproj", "{D1180B78-9889-4B21-900B-30B489B87F4C}"
EndProject
Project("{2150E333-8FDC-42A3-9474-1A3956D46DE8}") = "Solution Items", "Solution Items", "{BFEFEC5C-F28D-4A92-8E7D-CAB65DA298A7}"
	ProjectSection(SolutionItems) = preProject
		.gitignore = .gitignore
		README.md = README.md
	EndProjectSection
EndProject
Project("{8BC9CEB8-8B4A-11D0-8D11-00A0C91BC942}") = "354", "354\354.vcxproj", "{73BCAA33-89E2-4038-9BB1-012CD12FF3D5}"
EndProject
Project("{8BC9CEB8-8B4A-11D0-8D11-00A0C91BC942}") = "300", "300\300.vcxproj", "{0FE27D64-18C2-41C6-AE52-844B93B13B8C}"
EndProject
Project("{8BC9CEB8-8B4A-11D0-8D11-00A0C91BC942}") = "461", "461\461.vcxproj", "{65BE467B-547B-463F-BA6E-859FE2A8BF73}"
EndProject
Project("{8BC9CEB8-8B4A-11D0-8D11-00A0C91BC942}") = "396", "396\396.vcxproj", "{7D0B4E7A-7999-48E3-8451-113D56F721B4}"
EndProject
Project("{8BC9CEB8-8B4A-11D0-8D11-00A0C91BC942}") = "65", "65\65.vcxproj", "{503238B9-687E-400F-95FF-315944DCD285}"
EndProject
Project("{8BC9CEB8-8B4A-11D0-8D11-00A0C91BC942}") = "482", "482\482.vcxproj", "{04F33D92-6A6B-4FDD-BE6E-76DC25104184}"
EndProject
Project("{8BC9CEB8-8B4A-11D0-8D11-00A0C91BC942}") = "132", "132\132.vcxproj", "{3B4C7754-F578-4A7E-981B-019E8B2078DD}"
EndProject
Project("{8BC9CEB8-8B4A-11D0-8D11-00A0C91BC942}") = "335", "335\335.vcxproj", "{75CD0CB0-FB25-4495-AF57-8FB6B7BC6BE3}"
EndProject
Project("{8BC9CEB8-8B4A-11D0-8D11-00A0C91BC942}") = "189", "189\189.vcxproj", "{673ECFD0-E345-49D3-9B5F-B74D9CEDFB71}"
EndProject
Project("{8BC9CEB8-8B4A-11D0-8D11-00A0C91BC942}") = "319", "319\319.vcxproj", "{FD41DD3D-B2B6-461B-B096-9CED40517122}"
EndProject
Project("{8BC9CEB8-8B4A-11D0-8D11-00A0C91BC942}") = "330", "330\330.vcxproj", "{3231F405-59D5-4636-9D25-A97ABE8B94A8}"
EndProject
Project("{8BC9CEB8-8B4A-11D0-8D11-00A0C91BC942}") = "168", "168\168.vcxproj", "{E5CFFCAF-F781-4079-961A-283C2A7AF10A}"
EndProject
Project("{8BC9CEB8-8B4A-11D0-8D11-00A0C91BC942}") = "231", "231\231.vcxproj", "{868676A0-919E-42D3-8272-64D963D35B20}"
EndProject
Project("{8BC9CEB8-8B4A-11D0-8D11-00A0C91BC942}") = "171", "171\171.vcxproj", "{BFBB47F6-798A-486D-8ABF-0D341EEAF3B4}"
EndProject
Project("{8BC9CEB8-8B4A-11D0-8D11-00A0C91BC942}") = "367", "367\367.vcxproj", "{F49B2D26-8857-4932-B879-3B31912FA12A}"
EndProject
Project("{8BC9CEB8-8B4A-11D0-8D11-00A0C91BC942}") = "70", "70\70.vcxproj", "{9EC5090C-4A44-41A9-A42C-E10CED01DF70}"
EndProject
Project("{8BC9CEB8-8B4A-11D0-8D11-00A0C91BC942}") = "407", "407\407.vcxproj", "{211A827C-B00B-448F-89E3-B07AB21E8940}"
EndProject
Project("{8BC9CEB8-8B4A-11D0-8D11-00A0C91BC942}") = "334", "334\334.vcxproj", "{10DC213E-D3EE-4A7D-9938-F2411FE0C84F}"
EndProject
Project("{8BC9CEB8-8B4A-11D0-8D11-00A0C91BC942}") = "476", "476\476.vcxproj", "{5360B1F4-E559-4B97-A460-AA08B944086E}"
EndProject
Project("{8BC9CEB8-8B4A-11D0-8D11-00A0C91BC942}") = "257", "257\257.vcxproj", "{FDA7DFEB-02A3-4191-90CE-037D077A07C2}"
EndProject
Project("{8BC9CEB8-8B4A-11D0-8D11-00A0C91BC942}") = "78", "78\78.vcxproj", "{B9E24AA7-32CB-480A-8DB2-2F577EFDD274}"
EndProject
Global
	GlobalSection(SolutionConfigurationPlatforms) = preSolution
		Debug|x64 = Debug|x64
		Debug|x86 = Debug|x86
		Release|x64 = Release|x64
		Release|x86 = Release|x86
	EndGlobalSection
	GlobalSection(ProjectConfigurationPlatforms) = postSolution
		{5354A699-DD3D-4627-9A5F-8DD507C1C080}.Debug|x64.ActiveCfg = Debug|x64
		{5354A699-DD3D-4627-9A5F-8DD507C1C080}.Debug|x64.Build.0 = Debug|x64
		{5354A699-DD3D-4627-9A5F-8DD507C1C080}.Debug|x86.ActiveCfg = Debug|Win32
		{5354A699-DD3D-4627-9A5F-8DD507C1C080}.Debug|x86.Build.0 = Debug|Win32
		{5354A699-DD3D-4627-9A5F-8DD507C1C080}.Release|x64.ActiveCfg = Release|x64
		{5354A699-DD3D-4627-9A5F-8DD507C1C080}.Release|x64.Build.0 = Release|x64
		{5354A699-DD3D-4627-9A5F-8DD507C1C080}.Release|x86.ActiveCfg = Release|Win32
		{5354A699-DD3D-4627-9A5F-8DD507C1C080}.Release|x86.Build.0 = Release|Win32
		{D1180B78-9889-4B21-900B-30B489B87F4C}.Debug|x64.ActiveCfg = Debug|x64
		{D1180B78-9889-4B21-900B-30B489B87F4C}.Debug|x64.Build.0 = Debug|x64
		{D1180B78-9889-4B21-900B-30B489B87F4C}.Debug|x86.ActiveCfg = Debug|Win32
		{D1180B78-9889-4B21-900B-30B489B87F4C}.Debug|x86.Build.0 = Debug|Win32
		{D1180B78-9889-4B21-900B-30B489B87F4C}.Release|x64.ActiveCfg = Release|x64
		{D1180B78-9889-4B21-900B-30B489B87F4C}.Release|x64.Build.0 = Release|x64
		{D1180B78-9889-4B21-900B-30B489B87F4C}.Release|x86.ActiveCfg = Release|Win32
		{D1180B78-9889-4B21-900B-30B489B87F4C}.Release|x86.Build.0 = Release|Win32
		{73BCAA33-89E2-4038-9BB1-012CD12FF3D5}.Debug|x64.ActiveCfg = Debug|x64
		{73BCAA33-89E2-4038-9BB1-012CD12FF3D5}.Debug|x64.Build.0 = Debug|x64
		{73BCAA33-89E2-4038-9BB1-012CD12FF3D5}.Debug|x86.ActiveCfg = Debug|Win32
		{73BCAA33-89E2-4038-9BB1-012CD12FF3D5}.Debug|x86.Build.0 = Debug|Win32
		{73BCAA33-89E2-4038-9BB1-012CD12FF3D5}.Release|x64.ActiveCfg = Release|x64
		{73BCAA33-89E2-4038-9BB1-012CD12FF3D5}.Release|x64.Build.0 = Release|x64
		{73BCAA33-89E2-4038-9BB1-012CD12FF3D5}.Release|x86.ActiveCfg = Release|Win32
		{73BCAA33-89E2-4038-9BB1-012CD12FF3D5}.Release|x86.Build.0 = Release|Win32
		{0FE27D64-18C2-41C6-AE52-844B93B13B8C}.Debug|x64.ActiveCfg = Debug|x64
		{0FE27D64-18C2-41C6-AE52-844B93B13B8C}.Debug|x64.Build.0 = Debug|x64
		{0FE27D64-18C2-41C6-AE52-844B93B13B8C}.Debug|x86.ActiveCfg = Debug|Win32
		{0FE27D64-18C2-41C6-AE52-844B93B13B8C}.Debug|x86.Build.0 = Debug|Win32
		{0FE27D64-18C2-41C6-AE52-844B93B13B8C}.Release|x64.ActiveCfg = Release|x64
		{0FE27D64-18C2-41C6-AE52-844B93B13B8C}.Release|x64.Build.0 = Release|x64
		{0FE27D64-18C2-41C6-AE52-844B93B13B8C}.Release|x86.ActiveCfg = Release|Win32
		{0FE27D64-18C2-41C6-AE52-844B93B13B8C}.Release|x86.Build.0 = Release|Win32
		{65BE467B-547B-463F-BA6E-859FE2A8BF73}.Debug|x64.ActiveCfg = Debug|x64
		{65BE467B-547B-463F-BA6E-859FE2A8BF73}.Debug|x64.Build.0 = Debug|x64
		{65BE467B-547B-463F-BA6E-859FE2A8BF73}.Debug|x86.ActiveCfg = Debug|Win32
		{65BE467B-547B-463F-BA6E-859FE2A8BF73}.Debug|x86.Build.0 = Debug|Win32
		{65BE467B-547B-463F-BA6E-859FE2A8BF73}.Release|x64.ActiveCfg = Release|x64
		{65BE467B-547B-463F-BA6E-859FE2A8BF73}.Release|x64.Build.0 = Release|x64
		{65BE467B-547B-463F-BA6E-859FE2A8BF73}.Release|x86.ActiveCfg = Release|Win32
		{65BE467B-547B-463F-BA6E-859FE2A8BF73}.Release|x86.Build.0 = Release|Win32
		{7D0B4E7A-7999-48E3-8451-113D56F721B4}.Debug|x64.ActiveCfg = Debug|x64
		{7D0B4E7A-7999-48E3-8451-113D56F721B4}.Debug|x64.Build.0 = Debug|x64
		{7D0B4E7A-7999-48E3-8451-113D56F721B4}.Debug|x86.ActiveCfg = Debug|Win32
		{7D0B4E7A-7999-48E3-8451-113D56F721B4}.Debug|x86.Build.0 = Debug|Win32
		{7D0B4E7A-7999-48E3-8451-113D56F721B4}.Release|x64.ActiveCfg = Release|x64
		{7D0B4E7A-7999-48E3-8451-113D56F721B4}.Release|x64.Build.0 = Release|x64
		{7D0B4E7A-7999-48E3-8451-113D56F721B4}.Release|x86.ActiveCfg = Release|Win32
		{7D0B4E7A-7999-48E3-8451-113D56F721B4}.Release|x86.Build.0 = Release|Win32
		{503238B9-687E-400F-95FF-315944DCD285}.Debug|x64.ActiveCfg = Debug|x64
		{503238B9-687E-400F-95FF-315944DCD285}.Debug|x64.Build.0 = Debug|x64
		{503238B9-687E-400F-95FF-315944DCD285}.Debug|x86.ActiveCfg = Debug|Win32
		{503238B9-687E-400F-95FF-315944DCD285}.Debug|x86.Build.0 = Debug|Win32
		{503238B9-687E-400F-95FF-315944DCD285}.Release|x64.ActiveCfg = Release|x64
		{503238B9-687E-400F-95FF-315944DCD285}.Release|x64.Build.0 = Release|x64
		{503238B9-687E-400F-95FF-315944DCD285}.Release|x86.ActiveCfg = Release|Win32
		{503238B9-687E-400F-95FF-315944DCD285}.Release|x86.Build.0 = Release|Win32
		{04F33D92-6A6B-4FDD-BE6E-76DC25104184}.Debug|x64.ActiveCfg = Debug|x64
		{04F33D92-6A6B-4FDD-BE6E-76DC25104184}.Debug|x64.Build.0 = Debug|x64
		{04F33D92-6A6B-4FDD-BE6E-76DC25104184}.Debug|x86.ActiveCfg = Debug|Win32
		{04F33D92-6A6B-4FDD-BE6E-76DC25104184}.Debug|x86.Build.0 = Debug|Win32
		{04F33D92-6A6B-4FDD-BE6E-76DC25104184}.Release|x64.ActiveCfg = Release|x64
		{04F33D92-6A6B-4FDD-BE6E-76DC25104184}.Release|x64.Build.0 = Release|x64
		{04F33D92-6A6B-4FDD-BE6E-76DC25104184}.Release|x86.ActiveCfg = Release|Win32
		{04F33D92-6A6B-4FDD-BE6E-76DC25104184}.Release|x86.Build.0 = Release|Win32
		{3B4C7754-F578-4A7E-981B-019E8B2078DD}.Debug|x64.ActiveCfg = Debug|x64
		{3B4C7754-F578-4A7E-981B-019E8B2078DD}.Debug|x64.Build.0 = Debug|x64
		{3B4C7754-F578-4A7E-981B-019E8B2078DD}.Debug|x86.ActiveCfg = Debug|Win32
		{3B4C7754-F578-4A7E-981B-019E8B2078DD}.Debug|x86.Build.0 = Debug|Win32
		{3B4C7754-F578-4A7E-981B-019E8B2078DD}.Release|x64.ActiveCfg = Release|x64
		{3B4C7754-F578-4A7E-981B-019E8B2078DD}.Release|x64.Build.0 = Release|x64
		{3B4C7754-F578-4A7E-981B-019E8B2078DD}.Release|x86.ActiveCfg = Release|Win32
		{3B4C7754-F578-4A7E-981B-019E8B2078DD}.Release|x86.Build.0 = Release|Win32
		{75CD0CB0-FB25-4495-AF57-8FB6B7BC6BE3}.Debug|x64.ActiveCfg = Debug|x64
		{75CD0CB0-FB25-4495-AF57-8FB6B7BC6BE3}.Debug|x64.Build.0 = Debug|x64
		{75CD0CB0-FB25-4495-AF57-8FB6B7BC6BE3}.Debug|x86.ActiveCfg = Debug|Win32
		{75CD0CB0-FB25-4495-AF57-8FB6B7BC6BE3}.Debug|x86.Build.0 = Debug|Win32
		{75CD0CB0-FB25-4495-AF57-8FB6B7BC6BE3}.Release|x64.ActiveCfg = Release|x64
		{75CD0CB0-FB25-4495-AF57-8FB6B7BC6BE3}.Release|x64.Build.0 = Release|x64
		{75CD0CB0-FB25-4495-AF57-8FB6B7BC6BE3}.Release|x86.ActiveCfg = Release|Win32
		{75CD0CB0-FB25-4495-AF57-8FB6B7BC6BE3}.Release|x86.Build.0 = Release|Win32
		{673ECFD0-E345-49D3-9B5F-B74D9CEDFB71}.Debug|x64.ActiveCfg = Debug|x64
		{673ECFD0-E345-49D3-9B5F-B74D9CEDFB71}.Debug|x64.Build.0 = Debug|x64
		{673ECFD0-E345-49D3-9B5F-B74D9CEDFB71}.Debug|x86.ActiveCfg = Debug|Win32
		{673ECFD0-E345-49D3-9B5F-B74D9CEDFB71}.Debug|x86.Build.0 = Debug|Win32
		{673ECFD0-E345-49D3-9B5F-B74D9CEDFB71}.Release|x64.ActiveCfg = Release|x64
		{673ECFD0-E345-49D3-9B5F-B74D9CEDFB71}.Release|x64.Build.0 = Release|x64
		{673ECFD0-E345-49D3-9B5F-B74D9CEDFB71}.Release|x86.ActiveCfg = Release|Win32
		{673ECFD0-E345-49D3-9B5F-B74D9CEDFB71}.Release|x86.Build.0 = Release|Win32
		{FD41DD3D-B2B6-461B-B096-9CED40517122}.Debug|x64.ActiveCfg = Debug|x64
		{FD41DD3D-B2B6-461B-B096-9CED40517122}.Debug|x64.Build.0 = Debug|x64
		{FD41DD3D-B2B6-461B-B096-9CED40517122}.Debug|x86.ActiveCfg = Debug|Win32
		{FD41DD3D-B2B6-461B-B096-9CED40517122}.Debug|x86.Build.0 = Debug|Win32
		{FD41DD3D-B2B6-461B-B096-9CED40517122}.Release|x64.ActiveCfg = Release|x64
		{FD41DD3D-B2B6-461B-B096-9CED40517122}.Release|x64.Build.0 = Release|x64
		{FD41DD3D-B2B6-461B-B096-9CED40517122}.Release|x86.ActiveCfg = Release|Win32
		{FD41DD3D-B2B6-461B-B096-9CED40517122}.Release|x86.Build.0 = Release|Win32
		{3231F405-59D5-4636-9D25-A97ABE8B94A8}.Debug|x64.ActiveCfg = Debug|x64
		{3231F405-59D5-4636-9D25-A97ABE8B94A8}.Debug|x64.Build.0 = Debug|x64
		{3231F405-59D5-4636-9D25-A97ABE8B94A8}.Debug|x86.ActiveCfg = Debug|Win32
		{3231F405-59D5-4636-9D25-A97ABE8B94A8}.Debug|x86.Build.0 = Debug|Win32
		{3231F405-59D5-4636-9D25-A97ABE8B94A8}.Release|x64.ActiveCfg = Release|x64
		{3231F405-59D5-4636-9D25-A97ABE8B94A8}.Release|x64.Build.0 = Release|x64
		{3231F405-59D5-4636-9D25-A97ABE8B94A8}.Release|x86.ActiveCfg = Release|Win32
		{3231F405-59D5-4636-9D25-A97ABE8B94A8}.Release|x86.Build.0 = Release|Win32
		{E5CFFCAF-F781-4079-961A-283C2A7AF10A}.Debug|x64.ActiveCfg = Debug|x64
		{E5CFFCAF-F781-4079-961A-283C2A7AF10A}.Debug|x64.Build.0 = Debug|x64
		{E5CFFCAF-F781-4079-961A-283C2A7AF10A}.Debug|x86.ActiveCfg = Debug|Win32
		{E5CFFCAF-F781-4079-961A-283C2A7AF10A}.Debug|x86.Build.0 = Debug|Win32
		{E5CFFCAF-F781-4079-961A-283C2A7AF10A}.Release|x64.ActiveCfg = Release|x64
		{E5CFFCAF-F781-4079-961A-283C2A7AF10A}.Release|x64.Build.0 = Release|x64
		{E5CFFCAF-F781-4079-961A-283C2A7AF10A}.Release|x86.ActiveCfg = Release|Win32
		{E5CFFCAF-F781-4079-961A-283C2A7AF10A}.Release|x86.Build.0 = Release|Win32
		{868676A0-919E-42D3-8272-64D963D35B20}.Debug|x64.ActiveCfg = Debug|x64
		{868676A0-919E-42D3-8272-64D963D35B20}.Debug|x64.Build.0 = Debug|x64
		{868676A0-919E-42D3-8272-64D963D35B20}.Debug|x86.ActiveCfg = Debug|Win32
		{868676A0-919E-42D3-8272-64D963D35B20}.Debug|x86.Build.0 = Debug|Win32
		{868676A0-919E-42D3-8272-64D963D35B20}.Release|x64.ActiveCfg = Release|x64
		{868676A0-919E-42D3-8272-64D963D35B20}.Release|x64.Build.0 = Release|x64
		{868676A0-919E-42D3-8272-64D963D35B20}.Release|x86.ActiveCfg = Release|Win32
		{868676A0-919E-42D3-8272-64D963D35B20}.Release|x86.Build.0 = Release|Win32
		{BFBB47F6-798A-486D-8ABF-0D341EEAF3B4}.Debug|x64.ActiveCfg = Debug|x64
		{BFBB47F6-798A-486D-8ABF-0D341EEAF3B4}.Debug|x64.Build.0 = Debug|x64
		{BFBB47F6-798A-486D-8ABF-0D341EEAF3B4}.Debug|x86.ActiveCfg = Debug|Win32
		{BFBB47F6-798A-486D-8ABF-0D341EEAF3B4}.Debug|x86.Build.0 = Debug|Win32
		{BFBB47F6-798A-486D-8ABF-0D341EEAF3B4}.Release|x64.ActiveCfg = Release|x64
		{BFBB47F6-798A-486D-8ABF-0D341EEAF3B4}.Release|x64.Build.0 = Release|x64
		{BFBB47F6-798A-486D-8ABF-0D341EEAF3B4}.Release|x86.ActiveCfg = Release|Win32
		{BFBB47F6-798A-486D-8ABF-0D341EEAF3B4}.Release|x86.Build.0 = Release|Win32
		{F49B2D26-8857-4932-B879-3B31912FA12A}.Debug|x64.ActiveCfg = Debug|x64
		{F49B2D26-8857-4932-B879-3B31912FA12A}.Debug|x64.Build.0 = Debug|x64
		{F49B2D26-8857-4932-B879-3B31912FA12A}.Debug|x86.ActiveCfg = Debug|Win32
		{F49B2D26-8857-4932-B879-3B31912FA12A}.Debug|x86.Build.0 = Debug|Win32
		{F49B2D26-8857-4932-B879-3B31912FA12A}.Release|x64.ActiveCfg = Release|x64
		{F49B2D26-8857-4932-B879-3B31912FA12A}.Release|x64.Build.0 = Release|x64
		{F49B2D26-8857-4932-B879-3B31912FA12A}.Release|x86.ActiveCfg = Release|Win32
		{F49B2D26-8857-4932-B879-3B31912FA12A}.Release|x86.Build.0 = Release|Win32
		{9EC5090C-4A44-41A9-A42C-E10CED01DF70}.Debug|x64.ActiveCfg = Debug|x64
		{9EC5090C-4A44-41A9-A42C-E10CED01DF70}.Debug|x64.Build.0 = Debug|x64
		{9EC5090C-4A44-41A9-A42C-E10CED01DF70}.Debug|x86.ActiveCfg = Debug|Win32
		{9EC5090C-4A44-41A9-A42C-E10CED01DF70}.Debug|x86.Build.0 = Debug|Win32
		{9EC5090C-4A44-41A9-A42C-E10CED01DF70}.Release|x64.ActiveCfg = Release|x64
		{9EC5090C-4A44-41A9-A42C-E10CED01DF70}.Release|x64.Build.0 = Release|x64
		{9EC5090C-4A44-41A9-A42C-E10CED01DF70}.Release|x86.ActiveCfg = Release|Win32
		{9EC5090C-4A44-41A9-A42C-E10CED01DF70}.Release|x86.Build.0 = Release|Win32
		{211A827C-B00B-448F-89E3-B07AB21E8940}.Debug|x64.ActiveCfg = Debug|x64
		{211A827C-B00B-448F-89E3-B07AB21E8940}.Debug|x64.Build.0 = Debug|x64
		{211A827C-B00B-448F-89E3-B07AB21E8940}.Debug|x86.ActiveCfg = Debug|Win32
		{211A827C-B00B-448F-89E3-B07AB21E8940}.Debug|x86.Build.0 = Debug|Win32
		{211A827C-B00B-448F-89E3-B07AB21E8940}.Release|x64.ActiveCfg = Release|x64
		{211A827C-B00B-448F-89E3-B07AB21E8940}.Release|x64.Build.0 = Release|x64
		{211A827C-B00B-448F-89E3-B07AB21E8940}.Release|x86.ActiveCfg = Release|Win32
		{211A827C-B00B-448F-89E3-B07AB21E8940}.Release|x86.Build.0 = Release|Win32
		{10DC213E-D3EE-4A7D-9938-F2411FE0C84F}.Debug|x64.ActiveCfg = Debug|x64
		{10DC213E-D3EE-4A7D-9938-F2411FE0C84F}.Debug|x64.Build.0 = Debug|x64
		{10DC213E-D3EE-4A7D-9938-F2411FE0C84F}.Debug|x86.ActiveCfg = Debug|Win32
		{10DC213E-D3EE-4A7D-9938-F2411FE0C84F}.Debug|x86.Build.0 = Debug|Win32
		{10DC213E-D3EE-4A7D-9938-F2411FE0C84F}.Release|x64.ActiveCfg = Release|x64
		{10DC213E-D3EE-4A7D-9938-F2411FE0C84F}.Release|x64.Build.0 = Release|x64
		{10DC213E-D3EE-4A7D-9938-F2411FE0C84F}.Release|x86.ActiveCfg = Release|Win32
		{10DC213E-D3EE-4A7D-9938-F2411FE0C84F}.Release|x86.Build.0 = Release|Win32
		{5360B1F4-E559-4B97-A460-AA08B944086E}.Debug|x64.ActiveCfg = Debug|x64
		{5360B1F4-E559-4B97-A460-AA08B944086E}.Debug|x64.Build.0 = Debug|x64
		{5360B1F4-E559-4B97-A460-AA08B944086E}.Debug|x86.ActiveCfg = Debug|Win32
		{5360B1F4-E559-4B97-A460-AA08B944086E}.Debug|x86.Build.0 = Debug|Win32
		{5360B1F4-E559-4B97-A460-AA08B944086E}.Release|x64.ActiveCfg = Release|x64
		{5360B1F4-E559-4B97-A460-AA08B944086E}.Release|x64.Build.0 = Release|x64
		{5360B1F4-E559-4B97-A460-AA08B944086E}.Release|x86.ActiveCfg = Release|Win32
		{5360B1F4-E559-4B97-A460-AA08B944086E}.Release|x86.Build.0 = Release|Win32
		{FDA7DFEB-02A3-4191-90CE-037D077A07C2}.Debug|x64.ActiveCfg = Debug|x64
		{FDA7DFEB-02A3-4191-90CE-037D077A07C2}.Debug|x64.Build.0 = Debug|x64
		{FDA7DFEB-02A3-4191-90CE-037D077A07C2}.Debug|x86.ActiveCfg = Debug|Win32
		{FDA7DFEB-02A3-4191-90CE-037D077A07C2}.Debug|x86.Build.0 = Debug|Win32
		{FDA7DFEB-02A3-4191-90CE-037D077A07C2}.Release|x64.ActiveCfg = Release|x64
		{FDA7DFEB-02A3-4191-90CE-037D077A07C2}.Release|x64.Build.0 = Release|x64
		{FDA7DFEB-02A3-4191-90CE-037D077A07C2}.Release|x86.ActiveCfg = Release|Win32
		{FDA7DFEB-02A3-4191-90CE-037D077A07C2}.Release|x86.Build.0 = Release|Win32
		{B9E24AA7-32CB-480A-8DB2-2F577EFDD274}.Debug|x64.ActiveCfg = Debug|x64
		{B9E24AA7-32CB-480A-8DB2-2F577EFDD274}.Debug|x64.Build.0 = Debug|x64
		{B9E24AA7-32CB-480A-8DB2-2F577EFDD274}.Debug|x86.ActiveCfg = Debug|Win32
		{B9E24AA7-32CB-480A-8DB2-2F577EFDD274}.Debug|x86.Build.0 = Debug|Win32
		{B9E24AA7-32CB-480A-8DB2-2F577EFDD274}.Release|x64.ActiveCfg = Release|x64
		{B9E24AA7-32CB-480A-8DB2-2F577EFDD274}.Release|x64.Build.0 = Release|x64
		{B9E24AA7-32CB-480A-8DB2-2F577EFDD274}.Release|x86.ActiveCfg = Release|Win32
		{B9E24AA7-32CB-480A-8DB2-2F577EFDD274}.Release|x86.Build.0 = Release|Win32
	EndGlobalSection
	GlobalSection(SolutionProperties) = preSolution
		HideSolutionNode = FALSE
	EndGlobalSection
EndGlobal
