
Microsoft Visual Studio Solution File, Format Version 12.00
# Visual Studio 14
VisualStudioVersion = 14.0.25420.1
MinimumVisualStudioVersion = 10.0.40219.1
Project("{8BC9CEB8-8B4A-11D0-8D11-00A0C91BC942}") = "458", "458\458.vcxproj", "{5354A699-DD3D-4627-9A5F-8DD507C1C080}"
EndProject
Project("{8BC9CEB8-8B4A-11D0-8D11-00A0C91BC942}") = "115", "115\115.vcxproj", "{D1180B78-9889-4B21-900B-30B489B87F4C}"
EndProject
Project("{2150E333-8FDC-42A3-9474-1A3956D46DE8}") = "Solution Items", "Solution Items", "{BFEFEC5C-F28D-4A92-8E7D-CAB65DA298A7}"
	ProjectSection(SolutionItems) = preProject
		.gitignore = .gitignore
		README.md = README.md
	EndProjectSection
EndProject
Project("{8BC9CEB8-8B4A-11D0-8D11-00A0C91BC942}") = "354", "354\354.vcxproj", "{73BCAA33-89E2-4038-9BB1-012CD12FF3D5}"
EndProject
Project("{8BC9CEB8-8B4A-11D0-8D11-00A0C91BC942}") = "300", "300\300.vcxproj", "{0FE27D64-18C2-41C6-AE52-844B93B13B8C}"
EndProject
Project("{8BC9CEB8-8B4A-11D0-8D11-00A0C91BC942}") = "461", "461\461.vcxproj", "{65BE467B-547B-463F-BA6E-859FE2A8BF73}"
EndProject
Project("{8BC9CEB8-8B4A-11D0-8D11-00A0C91BC942}") = "396", "396\396.vcxproj", "{7D0B4E7A-7999-48E3-8451-113D56F721B4}"
EndProject
Project("{8BC9CEB8-8B4A-11D0-8D11-00A0C91BC942}") = "65", "65\65.vcxproj", "{503238B9-687E-400F-95FF-315944DCD285}"
EndProject
Project("{8BC9CEB8-8B4A-11D0-8D11-00A0C91BC942}") = "482", "482\482.vcxproj", "{04F33D92-6A6B-4FDD-BE6E-76DC25104184}"
EndProject
Project("{8BC9CEB8-8B4A-11D0-8D11-00A0C91BC942}") = "132", "132\132.vcxproj", "{3B4C7754-F578-4A7E-981B-019E8B2078DD}"
EndProject
Project("{8BC9CEB8-8B4A-11D0-8D11-00A0C91BC942}") = "335", "335\335.vcxproj", "{75CD0CB0-FB25-4495-AF57-8FB6B7BC6BE3}"
EndProject
Global
	GlobalSection(SolutionConfigurationPlatforms) = preSolution
		Debug|x64 = Debug|x64
		Debug|x86 = Debug|x86
		Release|x64 = Release|x64
		Release|x86 = Release|x86
	EndGlobalSection
	GlobalSection(ProjectConfigurationPlatforms) = postSolution
		{5354A699-DD3D-4627-9A5F-8DD507C1C080}.Debug|x64.ActiveCfg = Debug|x64
		{5354A699-DD3D-4627-9A5F-8DD507C1C080}.Debug|x64.Build.0 = Debug|x64
		{5354A699-DD3D-4627-9A5F-8DD507C1C080}.Debug|x86.ActiveCfg = Debug|Win32
		{5354A699-DD3D-4627-9A5F-8DD507C1C080}.Debug|x86.Build.0 = Debug|Win32
		{5354A699-DD3D-4627-9A5F-8DD507C1C080}.Release|x64.ActiveCfg = Release|x64
		{5354A699-DD3D-4627-9A5F-8DD507C1C080}.Release|x64.Build.0 = Release|x64
		{5354A699-DD3D-4627-9A5F-8DD507C1C080}.Release|x86.ActiveCfg = Release|Win32
		{5354A699-DD3D-4627-9A5F-8DD507C1C080}.Release|x86.Build.0 = Release|Win32
		{D1180B78-9889-4B21-900B-30B489B87F4C}.Debug|x64.ActiveCfg = Debug|x64
		{D1180B78-9889-4B21-900B-30B489B87F4C}.Debug|x64.Build.0 = Debug|x64
		{D1180B78-9889-4B21-900B-30B489B87F4C}.Debug|x86.ActiveCfg = Debug|Win32
		{D1180B78-9889-4B21-900B-30B489B87F4C}.Debug|x86.Build.0 = Debug|Win32
		{D1180B78-9889-4B21-900B-30B489B87F4C}.Release|x64.ActiveCfg = Release|x64
		{D1180B78-9889-4B21-900B-30B489B87F4C}.Release|x64.Build.0 = Release|x64
		{D1180B78-9889-4B21-900B-30B489B87F4C}.Release|x86.ActiveCfg = Release|Win32
		{D1180B78-9889-4B21-900B-30B489B87F4C}.Release|x86.Build.0 = Release|Win32
		{73BCAA33-89E2-4038-9BB1-012CD12FF3D5}.Debug|x64.ActiveCfg = Debug|x64
		{73BCAA33-89E2-4038-9BB1-012CD12FF3D5}.Debug|x64.Build.0 = Debug|x64
		{73BCAA33-89E2-4038-9BB1-012CD12FF3D5}.Debug|x86.ActiveCfg = Debug|Win32
		{73BCAA33-89E2-4038-9BB1-012CD12FF3D5}.Debug|x86.Build.0 = Debug|Win32
		{73BCAA33-89E2-4038-9BB1-012CD12FF3D5}.Release|x64.ActiveCfg = Release|x64
		{73BCAA33-89E2-4038-9BB1-012CD12FF3D5}.Release|x64.Build.0 = Release|x64
		{73BCAA33-89E2-4038-9BB1-012CD12FF3D5}.Release|x86.ActiveCfg = Release|Win32
		{73BCAA33-89E2-4038-9BB1-012CD12FF3D5}.Release|x86.Build.0 = Release|Win32
		{0FE27D64-18C2-41C6-AE52-844B93B13B8C}.Debug|x64.ActiveCfg = Debug|x64
		{0FE27D64-18C2-41C6-AE52-844B93B13B8C}.Debug|x64.Build.0 = Debug|x64
		{0FE27D64-18C2-41C6-AE52-844B93B13B8C}.Debug|x86.ActiveCfg = Debug|Win32
		{0FE27D64-18C2-41C6-AE52-844B93B13B8C}.Debug|x86.Build.0 = Debug|Win32
		{0FE27D64-18C2-41C6-AE52-844B93B13B8C}.Release|x64.ActiveCfg = Release|x64
		{0FE27D64-18C2-41C6-AE52-844B93B13B8C}.Release|x64.Build.0 = Release|x64
		{0FE27D64-18C2-41C6-AE52-844B93B13B8C}.Release|x86.ActiveCfg = Release|Win32
		{0FE27D64-18C2-41C6-AE52-844B93B13B8C}.Release|x86.Build.0 = Release|Win32
		{65BE467B-547B-463F-BA6E-859FE2A8BF73}.Debug|x64.ActiveCfg = Debug|x64
		{65BE467B-547B-463F-BA6E-859FE2A8BF73}.Debug|x64.Build.0 = Debug|x64
		{65BE467B-547B-463F-BA6E-859FE2A8BF73}.Debug|x86.ActiveCfg = Debug|Win32
		{65BE467B-547B-463F-BA6E-859FE2A8BF73}.Debug|x86.Build.0 = Debug|Win32
		{65BE467B-547B-463F-BA6E-859FE2A8BF73}.Release|x64.ActiveCfg = Release|x64
		{65BE467B-547B-463F-BA6E-859FE2A8BF73}.Release|x64.Build.0 = Release|x64
		{65BE467B-547B-463F-BA6E-859FE2A8BF73}.Release|x86.ActiveCfg = Release|Win32
		{65BE467B-547B-463F-BA6E-859FE2A8BF73}.Release|x86.Build.0 = Release|Win32
		{7D0B4E7A-7999-48E3-8451-113D56F721B4}.Debug|x64.ActiveCfg = Debug|x64
		{7D0B4E7A-7999-48E3-8451-113D56F721B4}.Debug|x64.Build.0 = Debug|x64
		{7D0B4E7A-7999-48E3-8451-113D56F721B4}.Debug|x86.ActiveCfg = Debug|Win32
		{7D0B4E7A-7999-48E3-8451-113D56F721B4}.Debug|x86.Build.0 = Debug|Win32
		{7D0B4E7A-7999-48E3-8451-113D56F721B4}.Release|x64.ActiveCfg = Release|x64
		{7D0B4E7A-7999-48E3-8451-113D56F721B4}.Release|x64.Build.0 = Release|x64
		{7D0B4E7A-7999-48E3-8451-113D56F721B4}.Release|x86.ActiveCfg = Release|Win32
		{7D0B4E7A-7999-48E3-8451-113D56F721B4}.Release|x86.Build.0 = Release|Win32
		{503238B9-687E-400F-95FF-315944DCD285}.Debug|x64.ActiveCfg = Debug|x64
		{503238B9-687E-400F-95FF-315944DCD285}.Debug|x64.Build.0 = Debug|x64
		{503238B9-687E-400F-95FF-315944DCD285}.Debug|x86.ActiveCfg = Debug|Win32
		{503238B9-687E-400F-95FF-315944DCD285}.Debug|x86.Build.0 = Debug|Win32
		{503238B9-687E-400F-95FF-315944DCD285}.Release|x64.ActiveCfg = Release|x64
		{503238B9-687E-400F-95FF-315944DCD285}.Release|x64.Build.0 = Release|x64
		{503238B9-687E-400F-95FF-315944DCD285}.Release|x86.ActiveCfg = Release|Win32
		{503238B9-687E-400F-95FF-315944DCD285}.Release|x86.Build.0 = Release|Win32
		{04F33D92-6A6B-4FDD-BE6E-76DC25104184}.Debug|x64.ActiveCfg = Debug|x64
		{04F33D92-6A6B-4FDD-BE6E-76DC25104184}.Debug|x64.Build.0 = Debug|x64
		{04F33D92-6A6B-4FDD-BE6E-76DC25104184}.Debug|x86.ActiveCfg = Debug|Win32
		{04F33D92-6A6B-4FDD-BE6E-76DC25104184}.Debug|x86.Build.0 = Debug|Win32
		{04F33D92-6A6B-4FDD-BE6E-76DC25104184}.Release|x64.ActiveCfg = Release|x64
		{04F33D92-6A6B-4FDD-BE6E-76DC25104184}.Release|x64.Build.0 = Release|x64
		{04F33D92-6A6B-4FDD-BE6E-76DC25104184}.Release|x86.ActiveCfg = Release|Win32
		{04F33D92-6A6B-4FDD-BE6E-76DC25104184}.Release|x86.Build.0 = Release|Win32
		{3B4C7754-F578-4A7E-981B-019E8B2078DD}.Debug|x64.ActiveCfg = Debug|x64
		{3B4C7754-F578-4A7E-981B-019E8B2078DD}.Debug|x64.Build.0 = Debug|x64
		{3B4C7754-F578-4A7E-981B-019E8B2078DD}.Debug|x86.ActiveCfg = Debug|Win32
		{3B4C7754-F578-4A7E-981B-019E8B2078DD}.Debug|x86.Build.0 = Debug|Win32
		{3B4C7754-F578-4A7E-981B-019E8B2078DD}.Release|x64.ActiveCfg = Release|x64
		{3B4C7754-F578-4A7E-981B-019E8B2078DD}.Release|x64.Build.0 = Release|x64
		{3B4C7754-F578-4A7E-981B-019E8B2078DD}.Release|x86.ActiveCfg = Release|Win32
		{3B4C7754-F578-4A7E-981B-019E8B2078DD}.Release|x86.Build.0 = Release|Win32
		{75CD0CB0-FB25-4495-AF57-8FB6B7BC6BE3}.Debug|x64.ActiveCfg = Debug|x64
		{75CD0CB0-FB25-4495-AF57-8FB6B7BC6BE3}.Debug|x64.Build.0 = Debug|x64
		{75CD0CB0-FB25-4495-AF57-8FB6B7BC6BE3}.Debug|x86.ActiveCfg = Debug|Win32
		{75CD0CB0-FB25-4495-AF57-8FB6B7BC6BE3}.Debug|x86.Build.0 = Debug|Win32
		{75CD0CB0-FB25-4495-AF57-8FB6B7BC6BE3}.Release|x64.ActiveCfg = Release|x64
		{75CD0CB0-FB25-4495-AF57-8FB6B7BC6BE3}.Release|x64.Build.0 = Release|x64
		{75CD0CB0-FB25-4495-AF57-8FB6B7BC6BE3}.Release|x86.ActiveCfg = Release|Win32
		{75CD0CB0-FB25-4495-AF57-8FB6B7BC6BE3}.Release|x86.Build.0 = Release|Win32
	EndGlobalSection
	GlobalSection(SolutionProperties) = preSolution
		HideSolutionNode = FALSE
	EndGlobalSection
EndGlobal
